
Microsoft Visual Studio Solution File, Format Version 12.00
# Visual Studio Version 16
VisualStudioVersion = 16.0.28803.156
MinimumVisualStudioVersion = 10.0.40219.1
Project("{FAE04EC0-301F-11D3-BF4B-00C04F79EFBC}") = "WorldMercatorMeterTool", "WorldMercatorMeterTool\WorldMercatorMeterTool.csproj", "{FE1D4BF7-DC17-413D-8883-C5C49E86B622}"
EndProject
Global
	GlobalSection(SolutionConfigurationPlatforms) = preSolution
		Debug|Any CPU = Debug|Any CPU
		Release|Any CPU = Release|Any CPU
	EndGlobalSection
	GlobalSection(ProjectConfigurationPlatforms) = postSolution
		{FE1D4BF7-DC17-413D-8883-C5C49E86B622}.Debug|Any CPU.ActiveCfg = Debug|Any CPU
		{FE1D4BF7-DC17-413D-8883-C5C49E86B622}.Debug|Any CPU.Build.0 = Debug|Any CPU
		{FE1D4BF7-DC17-413D-8883-C5C49E86B622}.Release|Any CPU.ActiveCfg = Release|Any CPU
		{FE1D4BF7-DC17-413D-8883-C5C49E86B622}.Release|Any CPU.Build.0 = Release|Any CPU
	EndGlobalSection
	GlobalSection(SolutionProperties) = preSolution
		HideSolutionNode = FALSE
	EndGlobalSection
	GlobalSection(ExtensibilityGlobals) = postSolution
		SolutionGuid = {772D3B0E-5327-44EE-8C5B-EC0551D2ABC5}
	EndGlobalSection
EndGlobal
